
Microsoft Visual Studio Solution File, Format Version 12.00
# Visual Studio Version 16
VisualStudioVersion = 16.0.28803.352
MinimumVisualStudioVersion = 10.0.40219.1
Project("{FAE04EC0-301F-11D3-BF4B-00C04F79EFBC}") = "Adapter", "Adapter\Adapter.csproj", "{5ACAAFC8-8A68-43E4-8DA6-2474095C5A21}"
EndProject
Project("{FAE04EC0-301F-11D3-BF4B-00C04F79EFBC}") = "Decorator", "Decorator\Decorator.csproj", "{3D267CFD-F015-4F42-AC47-AFA2B6C841E0}"
EndProject
Global
	GlobalSection(SolutionConfigurationPlatforms) = preSolution
		Debug|Any CPU = Debug|Any CPU
		Release|Any CPU = Release|Any CPU
	EndGlobalSection
	GlobalSection(ProjectConfigurationPlatforms) = postSolution
		{5ACAAFC8-8A68-43E4-8DA6-2474095C5A21}.Debug|Any CPU.ActiveCfg = Debug|Any CPU
		{5ACAAFC8-8A68-43E4-8DA6-2474095C5A21}.Debug|Any CPU.Build.0 = Debug|Any CPU
		{5ACAAFC8-8A68-43E4-8DA6-2474095C5A21}.Release|Any CPU.ActiveCfg = Release|Any CPU
		{5ACAAFC8-8A68-43E4-8DA6-2474095C5A21}.Release|Any CPU.Build.0 = Release|Any CPU
		{3D267CFD-F015-4F42-AC47-AFA2B6C841E0}.Debug|Any CPU.ActiveCfg = Debug|Any CPU
		{3D267CFD-F015-4F42-AC47-AFA2B6C841E0}.Debug|Any CPU.Build.0 = Debug|Any CPU
		{3D267CFD-F015-4F42-AC47-AFA2B6C841E0}.Release|Any CPU.ActiveCfg = Release|Any CPU
		{3D267CFD-F015-4F42-AC47-AFA2B6C841E0}.Release|Any CPU.Build.0 = Release|Any CPU
	EndGlobalSection
	GlobalSection(SolutionProperties) = preSolution
		HideSolutionNode = FALSE
	EndGlobalSection
	GlobalSection(ExtensibilityGlobals) = postSolution
		SolutionGuid = {68C8D768-9CC5-4240-8AD1-923F6ABCDD1E}
	EndGlobalSection
EndGlobal
